
Microsoft Visual Studio Solution File, Format Version 12.00
# Visual Studio Version 16
VisualStudioVersion = 16.0.30104.148
MinimumVisualStudioVersion = 10.0.40219.1
Project("{FAE04EC0-301F-11D3-BF4B-00C04F79EFBC}") = "guru99", "guru99\guru99.csproj", "{E8AE329F-A0F8-4515-93CF-D8B9EE198046}"
EndProject
Global
	GlobalSection(SolutionConfigurationPlatforms) = preSolution
		Debug|Any CPU = Debug|Any CPU
		Release|Any CPU = Release|Any CPU
	EndGlobalSection
	GlobalSection(ProjectConfigurationPlatforms) = postSolution
		{E8AE329F-A0F8-4515-93CF-D8B9EE198046}.Debug|Any CPU.ActiveCfg = Debug|Any CPU
		{E8AE329F-A0F8-4515-93CF-D8B9EE198046}.Debug|Any CPU.Build.0 = Debug|Any CPU
		{E8AE329F-A0F8-4515-93CF-D8B9EE198046}.Release|Any CPU.ActiveCfg = Release|Any CPU
		{E8AE329F-A0F8-4515-93CF-D8B9EE198046}.Release|Any CPU.Build.0 = Release|Any CPU
	EndGlobalSection
	GlobalSection(SolutionProperties) = preSolution
		HideSolutionNode = FALSE
	EndGlobalSection
	GlobalSection(ExtensibilityGlobals) = postSolution
		SolutionGuid = {4855D9A5-0C12-4F63-A24D-2AD43BD24728}
	EndGlobalSection
EndGlobal
